{
  "name": "material1",
  "version": "1.0.0",
  "lockfileVersion": 1,
  "requires": true,
  "dependencies": {
    "babel-core": {
      "version": "6.25.0",
      "resolved": "https://registry.npmjs.org/babel-core/-/babel-core-6.25.0.tgz",
      "integrity": "sha1-fdQrBGPHQunVKW3rPsZ6kyLa1yk=",
      "dev": true
    },
    "babel-loader": {
      "version": "7.1.1",
      "resolved": "https://registry.npmjs.org/babel-loader/-/babel-loader-7.1.1.tgz",
      "integrity": "sha1-uHE0yLEuPkwqlOBUYIW8aAorhIg=",
      "dev": true
    },
    "babel-preset-env": {
      "version": "1.5.2",
      "resolved": "https://registry.npmjs.org/babel-preset-env/-/babel-preset-env-1.5.2.tgz",
      "integrity": "sha1-zUrpCm6Utwn5c3SzPl+LmDVWre8=",
      "dev": true
    },
    "babel-preset-react": {
      "version": "6.24.1",
      "resolved": "https://registry.npmjs.org/babel-preset-react/-/babel-preset-react-6.24.1.tgz",
      "integrity": "sha1-umnfrqRfw+xjm2pOzqbhdwLJE4A=",
      "dev": true
    },
    "gossrandom": {
      "version": "1.0.0",
      "resolved": "https://registry.npmjs.org/gossrandom/-/gossrandom-1.0.0.tgz",
      "integrity": "sha1-FvKpWLSSXMXYxVicdu5WbyyFzDc="
    },
    "material-ui": {
      "version": "0.18.5",
      "resolved": "https://registry.npmjs.org/material-ui/-/material-ui-0.18.5.tgz",
      "integrity": "sha512-ZJxfuq6hO+u2JrXVjC1WSyQRX9vHoPyGiTiFohkVdZ5BGqhvTJs9zVZl9x36qGDdZ4Wtw5cMOms/BkwQ2TaoDQ=="
    },
    "react": {
      "version": "15.6.1",
      "resolved": "https://registry.npmjs.org/react/-/react-15.6.1.tgz",
      "integrity": "sha1-uqhDTsZ4C96ZfNw4C3nNM7ljk98="
    },
    "react-dom": {
      "version": "15.6.1",
      "resolved": "https://registry.npmjs.org/react-dom/-/react-dom-15.6.1.tgz",
      "integrity": "sha1-LLDtQZEDjlPCCes6eaI+Kkz5lHA="
    },
    "react-tap-event-plugin": {
      "version": "2.0.1",
      "resolved": "https://registry.npmjs.org/react-tap-event-plugin/-/react-tap-event-plugin-2.0.1.tgz",
      "integrity": "sha1-MWvrO8ZVbinshppyk+icgmqQdNI="
    },
    "webpack": {
      "version": "2.6.1",
      "resolved": "https://registry.npmjs.org/webpack/-/webpack-2.6.1.tgz",
      "integrity": "sha1-LgRX8KuxrF3zqxBsacZy8jZ4Xwc=",
      "dev": true,
      "dependencies": {
        "loader-utils": {
          "version": "0.2.17",
          "resolved": "https://registry.npmjs.org/loader-utils/-/loader-utils-0.2.17.tgz",
          "integrity": "sha1-+G5jdNQyBabmxg6RlvF8Apm/s0g="
        },
        "supports-color": {
          "version": "3.2.3",
          "resolved": "https://registry.npmjs.org/supports-color/-/supports-color-3.2.3.tgz",
          "integrity": "sha1-ZawFBLOVQXHYpklGsq48u4pfVPY="
        }
      }
    },
    "webpack-dev-server": {
      "version": "2.5.0",
      "resolved": "https://registry.npmjs.org/webpack-dev-server/-/webpack-dev-server-2.5.0.tgz",
      "integrity": "sha1-TTanKLA7iyr6SO0wJCiEfOooQK0=",
      "dev": true,
      "dependencies": {
        "supports-color": {
          "version": "3.2.3",
          "resolved": "https://registry.npmjs.org/supports-color/-/supports-color-3.2.3.tgz",
          "integrity": "sha1-ZawFBLOVQXHYpklGsq48u4pfVPY="
        }
      }
    }
  }
}
